
Microsoft Visual Studio Solution File, Format Version 12.00
# Visual Studio Version 17
VisualStudioVersion = 17.9.34728.123
MinimumVisualStudioVersion = 10.0.40219.1
Project("{9A19103F-16F7-4668-BE54-9A1E7A4F7556}") = "RazorSCLibrary", "RazorSCLibrary.csproj", "{F5D11530-424D-418D-ACC7-2FF9A3AE93B8}"
EndProject
Global
	GlobalSection(SolutionConfigurationPlatforms) = preSolution
		Debug|Any CPU = Debug|Any CPU
		Release|Any CPU = Release|Any CPU
	EndGlobalSection
	GlobalSection(ProjectConfigurationPlatforms) = postSolution
		{F5D11530-424D-418D-ACC7-2FF9A3AE93B8}.Debug|Any CPU.ActiveCfg = Debug|Any CPU
		{F5D11530-424D-418D-ACC7-2FF9A3AE93B8}.Debug|Any CPU.Build.0 = Debug|Any CPU
		{F5D11530-424D-418D-ACC7-2FF9A3AE93B8}.Release|Any CPU.ActiveCfg = Release|Any CPU
		{F5D11530-424D-418D-ACC7-2FF9A3AE93B8}.Release|Any CPU.Build.0 = Release|Any CPU
	EndGlobalSection
	GlobalSection(SolutionProperties) = preSolution
		HideSolutionNode = FALSE
	EndGlobalSection
	GlobalSection(ExtensibilityGlobals) = postSolution
		SolutionGuid = {9C0FCAFF-2AEE-45DD-B095-D1BE5AE3B419}
	EndGlobalSection
EndGlobal
